
Microsoft Visual Studio Solution File, Format Version 12.00
# Visual Studio Version 17
VisualStudioVersion = 17.6.33801.468
MinimumVisualStudioVersion = 10.0.40219.1
Project("{8BC9CEB8-8B4A-11D0-8D11-00A0C91BC942}") = "Client", "Client\Client.vcxproj", "{94999349-49DC-4F55-884C-775D3262B010}"
EndProject
Global
	GlobalSection(SolutionConfigurationPlatforms) = preSolution
		Debug|x64 = Debug|x64
		Debug|x86 = Debug|x86
		Release|x64 = Release|x64
		Release|x86 = Release|x86
	EndGlobalSection
	GlobalSection(ProjectConfigurationPlatforms) = postSolution
		{94999349-49DC-4F55-884C-775D3262B010}.Debug|x64.ActiveCfg = Debug|x64
		{94999349-49DC-4F55-884C-775D3262B010}.Debug|x64.Build.0 = Debug|x64
		{94999349-49DC-4F55-884C-775D3262B010}.Debug|x86.ActiveCfg = Debug|Win32
		{94999349-49DC-4F55-884C-775D3262B010}.Debug|x86.Build.0 = Debug|Win32
		{94999349-49DC-4F55-884C-775D3262B010}.Release|x64.ActiveCfg = Release|x64
		{94999349-49DC-4F55-884C-775D3262B010}.Release|x64.Build.0 = Release|x64
		{94999349-49DC-4F55-884C-775D3262B010}.Release|x86.ActiveCfg = Release|Win32
		{94999349-49DC-4F55-884C-775D3262B010}.Release|x86.Build.0 = Release|Win32
	EndGlobalSection
	GlobalSection(SolutionProperties) = preSolution
		HideSolutionNode = FALSE
	EndGlobalSection
	GlobalSection(ExtensibilityGlobals) = postSolution
		SolutionGuid = {C7E73136-D849-4DF6-8F29-79C120D4D10A}
	EndGlobalSection
EndGlobal
